
Microsoft Visual Studio Solution File, Format Version 12.00
# Visual Studio Version 16
VisualStudioVersion = 16.0.31105.61
MinimumVisualStudioVersion = 10.0.40219.1
Project("{FAE04EC0-301F-11D3-BF4B-00C04F79EFBC}") = "TestFramework", "TestFramework.csproj", "{D7855E68-8627-4511-85EB-F596FA4856F2}"
EndProject
Project("{FAE04EC0-301F-11D3-BF4B-00C04F79EFBC}") = "WebFramework", "..\WebFramework\WebFramework.csproj", "{4C6A4546-CC07-4CF8-8058-8FA05161B415}"
EndProject
Global
	GlobalSection(SolutionConfigurationPlatforms) = preSolution
		Debug|Any CPU = Debug|Any CPU
		Release|Any CPU = Release|Any CPU
	EndGlobalSection
	GlobalSection(ProjectConfigurationPlatforms) = postSolution
		{D7855E68-8627-4511-85EB-F596FA4856F2}.Debug|Any CPU.ActiveCfg = Debug|Any CPU
		{D7855E68-8627-4511-85EB-F596FA4856F2}.Debug|Any CPU.Build.0 = Debug|Any CPU
		{D7855E68-8627-4511-85EB-F596FA4856F2}.Release|Any CPU.ActiveCfg = Release|Any CPU
		{D7855E68-8627-4511-85EB-F596FA4856F2}.Release|Any CPU.Build.0 = Release|Any CPU
		{4C6A4546-CC07-4CF8-8058-8FA05161B415}.Debug|Any CPU.ActiveCfg = Debug|Any CPU
		{4C6A4546-CC07-4CF8-8058-8FA05161B415}.Debug|Any CPU.Build.0 = Debug|Any CPU
		{4C6A4546-CC07-4CF8-8058-8FA05161B415}.Release|Any CPU.ActiveCfg = Release|Any CPU
		{4C6A4546-CC07-4CF8-8058-8FA05161B415}.Release|Any CPU.Build.0 = Release|Any CPU
	EndGlobalSection
	GlobalSection(SolutionProperties) = preSolution
		HideSolutionNode = FALSE
	EndGlobalSection
	GlobalSection(ExtensibilityGlobals) = postSolution
		SolutionGuid = {08B03862-0C16-49EE-B5EA-444CC3833FFA}
	EndGlobalSection
EndGlobal
